
Microsoft Visual Studio Solution File, Format Version 12.00
# Visual Studio 2012
Project("{FAE04EC0-301F-11D3-BF4B-00C04F79EFBC}") = "vidly", "vidly\vidly.csproj", "{3669EAA0-C187-496D-A2CB-A78FBBD68FCE}"
EndProject
Global
	GlobalSection(SolutionConfigurationPlatforms) = preSolution
		Debug|Any CPU = Debug|Any CPU
		Release|Any CPU = Release|Any CPU
	EndGlobalSection
	GlobalSection(ProjectConfigurationPlatforms) = postSolution
		{3669EAA0-C187-496D-A2CB-A78FBBD68FCE}.Debug|Any CPU.ActiveCfg = Debug|Any CPU
		{3669EAA0-C187-496D-A2CB-A78FBBD68FCE}.Debug|Any CPU.Build.0 = Debug|Any CPU
		{3669EAA0-C187-496D-A2CB-A78FBBD68FCE}.Release|Any CPU.ActiveCfg = Release|Any CPU
		{3669EAA0-C187-496D-A2CB-A78FBBD68FCE}.Release|Any CPU.Build.0 = Release|Any CPU
	EndGlobalSection
EndGlobal
